// !$*UTF8*$!
{
	archiveVersion = 1;
	classes = {
	};
	objectVersion = 56;
	objects = {

/* Begin PBXBuildFile section */
		B42524CA2CBE7777003D48F3 /* NativeAdCard.swift in Sources */ = {isa = PBXBuildFile; fileRef = B42524C92CBE7777003D48F3 /* NativeAdCard.swift */; };
		B42E61152CB534F5002D389F /* EmmaButton.swift in Sources */ = {isa = PBXBuildFile; fileRef = B42E61142CB534F5002D389F /* EmmaButton.swift */; };
		B42E61182CB53738002D389F /* ButtonModel.swift in Sources */ = {isa = PBXBuildFile; fileRef = B42E61172CB53738002D389F /* ButtonModel.swift */; };
		B42E611A2CB537D8002D389F /* ButtonsGrid.swift in Sources */ = {isa = PBXBuildFile; fileRef = B42E61192CB537D8002D389F /* ButtonsGrid.swift */; };
		B42E611E2CB53AEB002D389F /* Extension+Array.swift in Sources */ = {isa = PBXBuildFile; fileRef = B42E611D2CB53AEB002D389F /* Extension+Array.swift */; };
		B42E61212CB54035002D389F /* MainItem.swift in Sources */ = {isa = PBXBuildFile; fileRef = B42E61202CB54035002D389F /* MainItem.swift */; };
		B42E61232CB5450C002D389F /* MainItemData.swift in Sources */ = {isa = PBXBuildFile; fileRef = B42E61222CB5450C002D389F /* MainItemData.swift */; };
		B46729402CB68760003A641F /* EMMA_iOS in Frameworks */ = {isa = PBXBuildFile; productRef = B467293F2CB68760003A641F /* EMMA_iOS */; };
		B46729442CB6994A003A641F /* StoreKit.framework in Frameworks */ = {isa = PBXBuildFile; fileRef = B46729432CB6994A003A641F /* StoreKit.framework */; settings = {ATTRIBUTES = (Weak, ); }; };
		B47C58E82CBFB937001A39D5 /* SplashView.swift in Sources */ = {isa = PBXBuildFile; fileRef = B47C58E72CBFB937001A39D5 /* SplashView.swift */; };
		B47C61F72CAFFD760005BD9C /* EmmaExampleApp.swift in Sources */ = {isa = PBXBuildFile; fileRef = B47C61F62CAFFD760005BD9C /* EmmaExampleApp.swift */; };
		B47C61FB2CAFFD770005BD9C /* Assets.xcassets in Resources */ = {isa = PBXBuildFile; fileRef = B47C61FA2CAFFD770005BD9C /* Assets.xcassets */; };
		B47C61FE2CAFFD770005BD9C /* Preview Assets.xcassets in Resources */ = {isa = PBXBuildFile; fileRef = B47C61FD2CAFFD770005BD9C /* Preview Assets.xcassets */; };
		B47C62092CAFFE7E0005BD9C /* HomeView.swift in Sources */ = {isa = PBXBuildFile; fileRef = B47C62082CAFFE7E0005BD9C /* HomeView.swift */; };
		B490694D2CBE892200E3378B /* NativeAdCarousel.swift in Sources */ = {isa = PBXBuildFile; fileRef = B490694C2CBE892200E3378B /* NativeAdCarousel.swift */; };
		B4B714742CC65E6000D926BD /* test-notification.apns in Sources */ = {isa = PBXBuildFile; fileRef = B4B714732CC65E6000D926BD /* test-notification.apns */; };
		B4BA8D702CB7D8D600648B3B /* HomeViewModel.swift in Sources */ = {isa = PBXBuildFile; fileRef = B4BA8D6F2CB7D8D600648B3B /* HomeViewModel.swift */; };
		B4DC0D0A2CB40C7A00471618 /* LearnMoreData.swift in Sources */ = {isa = PBXBuildFile; fileRef = B4DC0D092CB40C7A00471618 /* LearnMoreData.swift */; };
		B4DC0D0C2CB40E4900471618 /* LearnMoreItem.swift in Sources */ = {isa = PBXBuildFile; fileRef = B4DC0D0B2CB40E4900471618 /* LearnMoreItem.swift */; };
		B4DC0D0F2CB47D4500471618 /* WebView.swift in Sources */ = {isa = PBXBuildFile; fileRef = B4DC0D0E2CB47D4500471618 /* WebView.swift */; };
		B4FFCE452CBD28D4005BE6ED /* NativeAdView.swift in Sources */ = {isa = PBXBuildFile; fileRef = B4FFCE442CBD28D4005BE6ED /* NativeAdView.swift */; };
		B4FFCE472CBD29F3005BE6ED /* NativeAdViewModel.swift in Sources */ = {isa = PBXBuildFile; fileRef = B4FFCE462CBD29F3005BE6ED /* NativeAdViewModel.swift */; };
		B4FFCE4A2CBD4667005BE6ED /* RouteView.swift in Sources */ = {isa = PBXBuildFile; fileRef = B4FFCE492CBD4667005BE6ED /* RouteView.swift */; };
		B4FFCE4C2CBD4692005BE6ED /* RoutingStatus.swift in Sources */ = {isa = PBXBuildFile; fileRef = B4FFCE4B2CBD4692005BE6ED /* RoutingStatus.swift */; };
		B4FFCE4E2CBD46DE005BE6ED /* RouteViewModel.swift in Sources */ = {isa = PBXBuildFile; fileRef = B4FFCE4D2CBD46DE005BE6ED /* RouteViewModel.swift */; };
/* End PBXBuildFile section */

/* Begin PBXFileReference section */
		B42524C92CBE7777003D48F3 /* NativeAdCard.swift */ = {isa = PBXFileReference; lastKnownFileType = sourcecode.swift; path = NativeAdCard.swift; sourceTree = "<group>"; };
		B42E61142CB534F5002D389F /* EmmaButton.swift */ = {isa = PBXFileReference; lastKnownFileType = sourcecode.swift; path = EmmaButton.swift; sourceTree = "<group>"; };
		B42E61172CB53738002D389F /* ButtonModel.swift */ = {isa = PBXFileReference; lastKnownFileType = sourcecode.swift; path = ButtonModel.swift; sourceTree = "<group>"; };
		B42E61192CB537D8002D389F /* ButtonsGrid.swift */ = {isa = PBXFileReference; lastKnownFileType = sourcecode.swift; path = ButtonsGrid.swift; sourceTree = "<group>"; };
		B42E611D2CB53AEB002D389F /* Extension+Array.swift */ = {isa = PBXFileReference; lastKnownFileType = sourcecode.swift; path = "Extension+Array.swift"; sourceTree = "<group>"; };
		B42E61202CB54035002D389F /* MainItem.swift */ = {isa = PBXFileReference; lastKnownFileType = sourcecode.swift; path = MainItem.swift; sourceTree = "<group>"; };
		B42E61222CB5450C002D389F /* MainItemData.swift */ = {isa = PBXFileReference; lastKnownFileType = sourcecode.swift; path = MainItemData.swift; sourceTree = "<group>"; };
		B46729412CB696D6003A641F /* Info.plist */ = {isa = PBXFileReference; lastKnownFileType = text.plist; path = Info.plist; sourceTree = "<group>"; };
		B46729432CB6994A003A641F /* StoreKit.framework */ = {isa = PBXFileReference; lastKnownFileType = wrapper.framework; name = StoreKit.framework; path = System/Library/Frameworks/StoreKit.framework; sourceTree = SDKROOT; };
		B46729452CB6A488003A641F /* EmmaExampleApp.entitlements */ = {isa = PBXFileReference; lastKnownFileType = text.plist.entitlements; path = EmmaExampleApp.entitlements; sourceTree = "<group>"; };
		B47C58E72CBFB937001A39D5 /* SplashView.swift */ = {isa = PBXFileReference; lastKnownFileType = sourcecode.swift; path = SplashView.swift; sourceTree = "<group>"; };
		B47C61F32CAFFD760005BD9C /* EmmaExampleApp.app */ = {isa = PBXFileReference; explicitFileType = wrapper.application; includeInIndex = 0; path = EmmaExampleApp.app; sourceTree = BUILT_PRODUCTS_DIR; };
		B47C61F62CAFFD760005BD9C /* EmmaExampleApp.swift */ = {isa = PBXFileReference; lastKnownFileType = sourcecode.swift; path = EmmaExampleApp.swift; sourceTree = "<group>"; };
		B47C61FA2CAFFD770005BD9C /* Assets.xcassets */ = {isa = PBXFileReference; lastKnownFileType = folder.assetcatalog; path = Assets.xcassets; sourceTree = "<group>"; };
		B47C61FD2CAFFD770005BD9C /* Preview Assets.xcassets */ = {isa = PBXFileReference; lastKnownFileType = folder.assetcatalog; path = "Preview Assets.xcassets"; sourceTree = "<group>"; };
		B47C62082CAFFE7E0005BD9C /* HomeView.swift */ = {isa = PBXFileReference; lastKnownFileType = sourcecode.swift; path = HomeView.swift; sourceTree = "<group>"; };
		B490694C2CBE892200E3378B /* NativeAdCarousel.swift */ = {isa = PBXFileReference; lastKnownFileType = sourcecode.swift; path = NativeAdCarousel.swift; sourceTree = "<group>"; };
		B4B714732CC65E6000D926BD /* test-notification.apns */ = {isa = PBXFileReference; lastKnownFileType = text; path = "test-notification.apns"; sourceTree = "<group>"; };
		B4BA8D6F2CB7D8D600648B3B /* HomeViewModel.swift */ = {isa = PBXFileReference; lastKnownFileType = sourcecode.swift; path = HomeViewModel.swift; sourceTree = "<group>"; };
		B4DC0D092CB40C7A00471618 /* LearnMoreData.swift */ = {isa = PBXFileReference; lastKnownFileType = sourcecode.swift; path = LearnMoreData.swift; sourceTree = "<group>"; };
		B4DC0D0B2CB40E4900471618 /* LearnMoreItem.swift */ = {isa = PBXFileReference; lastKnownFileType = sourcecode.swift; path = LearnMoreItem.swift; sourceTree = "<group>"; };
		B4DC0D0E2CB47D4500471618 /* WebView.swift */ = {isa = PBXFileReference; lastKnownFileType = sourcecode.swift; path = WebView.swift; sourceTree = "<group>"; };
		B4FFCE442CBD28D4005BE6ED /* NativeAdView.swift */ = {isa = PBXFileReference; lastKnownFileType = sourcecode.swift; path = NativeAdView.swift; sourceTree = "<group>"; };
		B4FFCE462CBD29F3005BE6ED /* NativeAdViewModel.swift */ = {isa = PBXFileReference; lastKnownFileType = sourcecode.swift; path = NativeAdViewModel.swift; sourceTree = "<group>"; };
		B4FFCE492CBD4667005BE6ED /* RouteView.swift */ = {isa = PBXFileReference; lastKnownFileType = sourcecode.swift; path = RouteView.swift; sourceTree = "<group>"; };
		B4FFCE4B2CBD4692005BE6ED /* RoutingStatus.swift */ = {isa = PBXFileReference; lastKnownFileType = sourcecode.swift; path = RoutingStatus.swift; sourceTree = "<group>"; };
		B4FFCE4D2CBD46DE005BE6ED /* RouteViewModel.swift */ = {isa = PBXFileReference; lastKnownFileType = sourcecode.swift; path = RouteViewModel.swift; sourceTree = "<group>"; };
/* End PBXFileReference section */

/* Begin PBXFrameworksBuildPhase section */
		B47C61F02CAFFD760005BD9C /* Frameworks */ = {
			isa = PBXFrameworksBuildPhase;
			buildActionMask = 2147483647;
			files = (
				B46729402CB68760003A641F /* EMMA_iOS in Frameworks */,
				B46729442CB6994A003A641F /* StoreKit.framework in Frameworks */,
			);
			runOnlyForDeploymentPostprocessing = 0;
		};
/* End PBXFrameworksBuildPhase section */

/* Begin PBXGroup section */
		B42E61162CB53723002D389F /* Domain */ = {
			isa = PBXGroup;
			children = (
				B42E611B2CB53AC6002D389F /* Models */,
				B42E611C2CB53AD0002D389F /* Extensions */,
			);
			path = Domain;
			sourceTree = "<group>";
		};
		B42E611B2CB53AC6002D389F /* Models */ = {
			isa = PBXGroup;
			children = (
				B42E61172CB53738002D389F /* ButtonModel.swift */,
				B4FFCE4B2CBD4692005BE6ED /* RoutingStatus.swift */,
			);
			path = Models;
			sourceTree = "<group>";
		};
		B42E611C2CB53AD0002D389F /* Extensions */ = {
			isa = PBXGroup;
			children = (
				B42E611D2CB53AEB002D389F /* Extension+Array.swift */,
			);
			path = Extensions;
			sourceTree = "<group>";
		};
		B46729422CB6994A003A641F /* Frameworks */ = {
			isa = PBXGroup;
			children = (
				B46729432CB6994A003A641F /* StoreKit.framework */,
			);
			name = Frameworks;
			sourceTree = "<group>";
		};
		B47C58E62CBFB928001A39D5 /* Splash */ = {
			isa = PBXGroup;
			children = (
				B47C58E72CBFB937001A39D5 /* SplashView.swift */,
			);
			path = Splash;
			sourceTree = "<group>";
		};
		B47C61EA2CAFFD760005BD9C = {
			isa = PBXGroup;
			children = (
				B47C61F52CAFFD760005BD9C /* EmmaExampleApp */,
				B47C61F42CAFFD760005BD9C /* Products */,
				B46729422CB6994A003A641F /* Frameworks */,
			);
			sourceTree = "<group>";
		};
		B47C61F42CAFFD760005BD9C /* Products */ = {
			isa = PBXGroup;
			children = (
				B47C61F32CAFFD760005BD9C /* EmmaExampleApp.app */,
			);
			name = Products;
			sourceTree = "<group>";
		};
		B47C61F52CAFFD760005BD9C /* EmmaExampleApp */ = {
			isa = PBXGroup;
			children = (
				B46729452CB6A488003A641F /* EmmaExampleApp.entitlements */,
				B46729412CB696D6003A641F /* Info.plist */,
				B47C62042CAFFE350005BD9C /* App */,
				B47C62052CAFFE3E0005BD9C /* Resources */,
				B4DC0D082CB40C5300471618 /* Data */,
				B42E61162CB53723002D389F /* Domain */,
				B47C62062CAFFE570005BD9C /* Presentation */,
				B4DC0D0D2CB47D2900471618 /* Shared */,
				B47C61FC2CAFFD770005BD9C /* Preview Content */,
				B4B714732CC65E6000D926BD /* test-notification.apns */,
			);
			path = EmmaExampleApp;
			sourceTree = "<group>";
		};
		B47C61FC2CAFFD770005BD9C /* Preview Content */ = {
			isa = PBXGroup;
			children = (
				B47C61FD2CAFFD770005BD9C /* Preview Assets.xcassets */,
			);
			path = "Preview Content";
			sourceTree = "<group>";
		};
		B47C62042CAFFE350005BD9C /* App */ = {
			isa = PBXGroup;
			children = (
				B47C61F62CAFFD760005BD9C /* EmmaExampleApp.swift */,
			);
			path = App;
			sourceTree = "<group>";
		};
		B47C62052CAFFE3E0005BD9C /* Resources */ = {
			isa = PBXGroup;
			children = (
				B47C61FA2CAFFD770005BD9C /* Assets.xcassets */,
			);
			path = Resources;
			sourceTree = "<group>";
		};
		B47C62062CAFFE570005BD9C /* Presentation */ = {
			isa = PBXGroup;
			children = (
				B4FFCE482CBD4652005BE6ED /* Routing */,
				B47C58E62CBFB928001A39D5 /* Splash */,
				B47C620A2CAFFE990005BD9C /* Home */,
				B4FFCE422CBD2892005BE6ED /* NativeAd */,
			);
			path = Presentation;
			sourceTree = "<group>";
		};
		B47C62072CAFFE700005BD9C /* Components */ = {
			isa = PBXGroup;
			children = (
				B4DC0D0B2CB40E4900471618 /* LearnMoreItem.swift */,
				B42E61142CB534F5002D389F /* EmmaButton.swift */,
				B42E61192CB537D8002D389F /* ButtonsGrid.swift */,
				B42E61202CB54035002D389F /* MainItem.swift */,
			);
			path = Components;
			sourceTree = "<group>";
		};
		B47C620A2CAFFE990005BD9C /* Home */ = {
			isa = PBXGroup;
			children = (
				B47C62072CAFFE700005BD9C /* Components */,
				B47C62082CAFFE7E0005BD9C /* HomeView.swift */,
				B4BA8D6F2CB7D8D600648B3B /* HomeViewModel.swift */,
			);
			path = Home;
			sourceTree = "<group>";
		};
		B4DC0D082CB40C5300471618 /* Data */ = {
			isa = PBXGroup;
			children = (
				B4DC0D092CB40C7A00471618 /* LearnMoreData.swift */,
				B42E61222CB5450C002D389F /* MainItemData.swift */,
			);
			path = Data;
			sourceTree = "<group>";
		};
		B4DC0D0D2CB47D2900471618 /* Shared */ = {
			isa = PBXGroup;
			children = (
				B4DC0D0E2CB47D4500471618 /* WebView.swift */,
			);
			path = Shared;
			sourceTree = "<group>";
		};
		B4FFCE422CBD2892005BE6ED /* NativeAd */ = {
			isa = PBXGroup;
			children = (
				B4FFCE432CBD28B0005BE6ED /* Components */,
				B4FFCE442CBD28D4005BE6ED /* NativeAdView.swift */,
				B4FFCE462CBD29F3005BE6ED /* NativeAdViewModel.swift */,
			);
			path = NativeAd;
			sourceTree = "<group>";
		};
		B4FFCE432CBD28B0005BE6ED /* Components */ = {
			isa = PBXGroup;
			children = (
				B42524C92CBE7777003D48F3 /* NativeAdCard.swift */,
				B490694C2CBE892200E3378B /* NativeAdCarousel.swift */,
			);
			path = Components;
			sourceTree = "<group>";
		};
		B4FFCE482CBD4652005BE6ED /* Routing */ = {
			isa = PBXGroup;
			children = (
				B4FFCE492CBD4667005BE6ED /* RouteView.swift */,
				B4FFCE4D2CBD46DE005BE6ED /* RouteViewModel.swift */,
			);
			path = Routing;
			sourceTree = "<group>";
		};
/* End PBXGroup section */

/* Begin PBXNativeTarget section */
		B47C61F22CAFFD760005BD9C /* EmmaExampleApp */ = {
			isa = PBXNativeTarget;
			buildConfigurationList = B47C62012CAFFD770005BD9C /* Build configuration list for PBXNativeTarget "EmmaExampleApp" */;
			buildPhases = (
				B47C61EF2CAFFD760005BD9C /* Sources */,
				B47C61F02CAFFD760005BD9C /* Frameworks */,
				B47C61F12CAFFD760005BD9C /* Resources */,
			);
			buildRules = (
			);
			dependencies = (
			);
			name = EmmaExampleApp;
			packageProductDependencies = (
				B467293F2CB68760003A641F /* EMMA_iOS */,
			);
			productName = EmmaExampleApp;
			productReference = B47C61F32CAFFD760005BD9C /* EmmaExampleApp.app */;
			productType = "com.apple.product-type.application";
		};
/* End PBXNativeTarget section */

/* Begin PBXProject section */
		B47C61EB2CAFFD760005BD9C /* Project object */ = {
			isa = PBXProject;
			attributes = {
				BuildIndependentTargetsInParallel = 1;
				LastSwiftUpdateCheck = 1530;
				LastUpgradeCheck = 1530;
				TargetAttributes = {
					B47C61F22CAFFD760005BD9C = {
						CreatedOnToolsVersion = 15.3;
					};
				};
			};
			buildConfigurationList = B47C61EE2CAFFD760005BD9C /* Build configuration list for PBXProject "EmmaExampleApp" */;
			compatibilityVersion = "Xcode 14.0";
			developmentRegion = en;
			hasScannedForEncodings = 0;
			knownRegions = (
				en,
				Base,
			);
			mainGroup = B47C61EA2CAFFD760005BD9C;
			packageReferences = (
				B467293E2CB68760003A641F /* XCRemoteSwiftPackageReference "eMMa-iOS-SDK" */,
			);
			productRefGroup = B47C61F42CAFFD760005BD9C /* Products */;
			projectDirPath = "";
			projectRoot = "";
			targets = (
				B47C61F22CAFFD760005BD9C /* EmmaExampleApp */,
			);
		};
/* End PBXProject section */

/* Begin PBXResourcesBuildPhase section */
		B47C61F12CAFFD760005BD9C /* Resources */ = {
			isa = PBXResourcesBuildPhase;
			buildActionMask = 2147483647;
			files = (
				B47C61FE2CAFFD770005BD9C /* Preview Assets.xcassets in Resources */,
				B47C61FB2CAFFD770005BD9C /* Assets.xcassets in Resources */,
			);
			runOnlyForDeploymentPostprocessing = 0;
		};
/* End PBXResourcesBuildPhase section */

/* Begin PBXSourcesBuildPhase section */
		B47C61EF2CAFFD760005BD9C /* Sources */ = {
			isa = PBXSourcesBuildPhase;
			buildActionMask = 2147483647;
			files = (
				B42E61182CB53738002D389F /* ButtonModel.swift in Sources */,
				B4FFCE4A2CBD4667005BE6ED /* RouteView.swift in Sources */,
				B42E61212CB54035002D389F /* MainItem.swift in Sources */,
				B42524CA2CBE7777003D48F3 /* NativeAdCard.swift in Sources */,
				B42E611E2CB53AEB002D389F /* Extension+Array.swift in Sources */,
				B4B714742CC65E6000D926BD /* test-notification.apns in Sources */,
				B42E611A2CB537D8002D389F /* ButtonsGrid.swift in Sources */,
				B47C62092CAFFE7E0005BD9C /* HomeView.swift in Sources */,
				B4FFCE452CBD28D4005BE6ED /* NativeAdView.swift in Sources */,
				B4DC0D0F2CB47D4500471618 /* WebView.swift in Sources */,
				B4DC0D0A2CB40C7A00471618 /* LearnMoreData.swift in Sources */,
				B4BA8D702CB7D8D600648B3B /* HomeViewModel.swift in Sources */,
				B4FFCE4C2CBD4692005BE6ED /* RoutingStatus.swift in Sources */,
				B4DC0D0C2CB40E4900471618 /* LearnMoreItem.swift in Sources */,
				B4FFCE4E2CBD46DE005BE6ED /* RouteViewModel.swift in Sources */,
				B42E61232CB5450C002D389F /* MainItemData.swift in Sources */,
				B47C61F72CAFFD760005BD9C /* EmmaExampleApp.swift in Sources */,
				B4FFCE472CBD29F3005BE6ED /* NativeAdViewModel.swift in Sources */,
				B47C58E82CBFB937001A39D5 /* SplashView.swift in Sources */,
				B490694D2CBE892200E3378B /* NativeAdCarousel.swift in Sources */,
				B42E61152CB534F5002D389F /* EmmaButton.swift in Sources */,
			);
			runOnlyForDeploymentPostprocessing = 0;
		};
/* End PBXSourcesBuildPhase section */

/* Begin XCBuildConfiguration section */
		B47C61FF2CAFFD770005BD9C /* Debug */ = {
			isa = XCBuildConfiguration;
			buildSettings = {
				ALWAYS_SEARCH_USER_PATHS = NO;
				ASSETCATALOG_COMPILER_GENERATE_SWIFT_ASSET_SYMBOL_EXTENSIONS = YES;
				CLANG_ANALYZER_NONNULL = YES;
				CLANG_ANALYZER_NUMBER_OBJECT_CONVERSION = YES_AGGRESSIVE;
				CLANG_CXX_LANGUAGE_STANDARD = "gnu++20";
				CLANG_ENABLE_MODULES = YES;
				CLANG_ENABLE_OBJC_ARC = YES;
				CLANG_ENABLE_OBJC_WEAK = YES;
				CLANG_WARN_BLOCK_CAPTURE_AUTORELEASING = YES;
				CLANG_WARN_BOOL_CONVERSION = YES;
				CLANG_WARN_COMMA = YES;
				CLANG_WARN_CONSTANT_CONVERSION = YES;
				CLANG_WARN_DEPRECATED_OBJC_IMPLEMENTATIONS = YES;
				CLANG_WARN_DIRECT_OBJC_ISA_USAGE = YES_ERROR;
				CLANG_WARN_DOCUMENTATION_COMMENTS = YES;
				CLANG_WARN_EMPTY_BODY = YES;
				CLANG_WARN_ENUM_CONVERSION = YES;
				CLANG_WARN_INFINITE_RECURSION = YES;
				CLANG_WARN_INT_CONVERSION = YES;
				CLANG_WARN_NON_LITERAL_NULL_CONVERSION = YES;
				CLANG_WARN_OBJC_IMPLICIT_RETAIN_SELF = YES;
				CLANG_WARN_OBJC_LITERAL_CONVERSION = YES;
				CLANG_WARN_OBJC_ROOT_CLASS = YES_ERROR;
				CLANG_WARN_QUOTED_INCLUDE_IN_FRAMEWORK_HEADER = YES;
				CLANG_WARN_RANGE_LOOP_ANALYSIS = YES;
				CLANG_WARN_STRICT_PROTOTYPES = YES;
				CLANG_WARN_SUSPICIOUS_MOVE = YES;
				CLANG_WARN_UNGUARDED_AVAILABILITY = YES_AGGRESSIVE;
				CLANG_WARN_UNREACHABLE_CODE = YES;
				CLANG_WARN__DUPLICATE_METHOD_MATCH = YES;
				COPY_PHASE_STRIP = NO;
				DEBUG_INFORMATION_FORMAT = dwarf;
				ENABLE_STRICT_OBJC_MSGSEND = YES;
				ENABLE_TESTABILITY = YES;
				ENABLE_USER_SCRIPT_SANDBOXING = YES;
				GCC_C_LANGUAGE_STANDARD = gnu17;
				GCC_DYNAMIC_NO_PIC = NO;
				GCC_NO_COMMON_BLOCKS = YES;
				GCC_OPTIMIZATION_LEVEL = 0;
				GCC_PREPROCESSOR_DEFINITIONS = (
					"DEBUG=1",
					"$(inherited)",
				);
				GCC_WARN_64_TO_32_BIT_CONVERSION = YES;
				GCC_WARN_ABOUT_RETURN_TYPE = YES_ERROR;
				GCC_WARN_UNDECLARED_SELECTOR = YES;
				GCC_WARN_UNINITIALIZED_AUTOS = YES_AGGRESSIVE;
				GCC_WARN_UNUSED_FUNCTION = YES;
				GCC_WARN_UNUSED_VARIABLE = YES;
				IPHONEOS_DEPLOYMENT_TARGET = 17.4;
				LOCALIZATION_PREFERS_STRING_CATALOGS = YES;
				MTL_ENABLE_DEBUG_INFO = INCLUDE_SOURCE;
				MTL_FAST_MATH = YES;
				ONLY_ACTIVE_ARCH = YES;
				SDKROOT = iphoneos;
				SWIFT_ACTIVE_COMPILATION_CONDITIONS = "DEBUG $(inherited)";
				SWIFT_OPTIMIZATION_LEVEL = "-Onone";
			};
			name = Debug;
		};
		B47C62002CAFFD770005BD9C /* Release */ = {
			isa = XCBuildConfiguration;
			buildSettings = {
				ALWAYS_SEARCH_USER_PATHS = NO;
				ASSETCATALOG_COMPILER_GENERATE_SWIFT_ASSET_SYMBOL_EXTENSIONS = YES;
				CLANG_ANALYZER_NONNULL = YES;
				CLANG_ANALYZER_NUMBER_OBJECT_CONVERSION = YES_AGGRESSIVE;
				CLANG_CXX_LANGUAGE_STANDARD = "gnu++20";
				CLANG_ENABLE_MODULES = YES;
				CLANG_ENABLE_OBJC_ARC = YES;
				CLANG_ENABLE_OBJC_WEAK = YES;
				CLANG_WARN_BLOCK_CAPTURE_AUTORELEASING = YES;
				CLANG_WARN_BOOL_CONVERSION = YES;
				CLANG_WARN_COMMA = YES;
				CLANG_WARN_CONSTANT_CONVERSION = YES;
				CLANG_WARN_DEPRECATED_OBJC_IMPLEMENTATIONS = YES;
				CLANG_WARN_DIRECT_OBJC_ISA_USAGE = YES_ERROR;
				CLANG_WARN_DOCUMENTATION_COMMENTS = YES;
				CLANG_WARN_EMPTY_BODY = YES;
				CLANG_WARN_ENUM_CONVERSION = YES;
				CLANG_WARN_INFINITE_RECURSION = YES;
				CLANG_WARN_INT_CONVERSION = YES;
				CLANG_WARN_NON_LITERAL_NULL_CONVERSION = YES;
				CLANG_WARN_OBJC_IMPLICIT_RETAIN_SELF = YES;
				CLANG_WARN_OBJC_LITERAL_CONVERSION = YES;
				CLANG_WARN_OBJC_ROOT_CLASS = YES_ERROR;
				CLANG_WARN_QUOTED_INCLUDE_IN_FRAMEWORK_HEADER = YES;
				CLANG_WARN_RANGE_LOOP_ANALYSIS = YES;
				CLANG_WARN_STRICT_PROTOTYPES = YES;
				CLANG_WARN_SUSPICIOUS_MOVE = YES;
				CLANG_WARN_UNGUARDED_AVAILABILITY = YES_AGGRESSIVE;
				CLANG_WARN_UNREACHABLE_CODE = YES;
				CLANG_WARN__DUPLICATE_METHOD_MATCH = YES;
				COPY_PHASE_STRIP = NO;
				DEBUG_INFORMATION_FORMAT = "dwarf-with-dsym";
				ENABLE_NS_ASSERTIONS = NO;
				ENABLE_STRICT_OBJC_MSGSEND = YES;
				ENABLE_USER_SCRIPT_SANDBOXING = YES;
				GCC_C_LANGUAGE_STANDARD = gnu17;
				GCC_NO_COMMON_BLOCKS = YES;
				GCC_WARN_64_TO_32_BIT_CONVERSION = YES;
				GCC_WARN_ABOUT_RETURN_TYPE = YES_ERROR;
				GCC_WARN_UNDECLARED_SELECTOR = YES;
				GCC_WARN_UNINITIALIZED_AUTOS = YES_AGGRESSIVE;
				GCC_WARN_UNUSED_FUNCTION = YES;
				GCC_WARN_UNUSED_VARIABLE = YES;
				IPHONEOS_DEPLOYMENT_TARGET = 17.4;
				LOCALIZATION_PREFERS_STRING_CATALOGS = YES;
				MTL_ENABLE_DEBUG_INFO = NO;
				MTL_FAST_MATH = YES;
				SDKROOT = iphoneos;
				SWIFT_COMPILATION_MODE = wholemodule;
				VALIDATE_PRODUCT = YES;
			};
			name = Release;
		};
		B47C62022CAFFD770005BD9C /* Debug */ = {
			isa = XCBuildConfiguration;
			buildSettings = {
				ASSETCATALOG_COMPILER_APPICON_NAME = AppIcon;
				ASSETCATALOG_COMPILER_GLOBAL_ACCENT_COLOR_NAME = AccentColor;
				CODE_SIGN_ENTITLEMENTS = EmmaExampleApp/EmmaExampleApp.entitlements;
				CODE_SIGN_STYLE = Automatic;
				CURRENT_PROJECT_VERSION = 1;
				DEVELOPMENT_ASSET_PATHS = "\"EmmaExampleApp/Preview Content\"";
				DEVELOPMENT_TEAM = 9THYRJN444;
				ENABLE_PREVIEWS = YES;
				GENERATE_INFOPLIST_FILE = YES;
				INFOPLIST_FILE = EmmaExampleApp/Info.plist;
				INFOPLIST_KEY_NSUserTrackingUsageDescription = "Esta app utiliza esta información para mostrar anuncios personalizados y mejorar tu experiencia en la app. No compartiremos tus datos sin tu consentimiento.";
				INFOPLIST_KEY_UIApplicationSceneManifest_Generation = YES;
				INFOPLIST_KEY_UIApplicationSupportsIndirectInputEvents = YES;
				INFOPLIST_KEY_UILaunchScreen_Generation = YES;
				INFOPLIST_KEY_UISupportedInterfaceOrientations_iPad = "UIInterfaceOrientationPortrait UIInterfaceOrientationPortraitUpsideDown UIInterfaceOrientationLandscapeLeft UIInterfaceOrientationLandscapeRight";
				INFOPLIST_KEY_UISupportedInterfaceOrientations_iPhone = "UIInterfaceOrientationPortrait UIInterfaceOrientationLandscapeLeft UIInterfaceOrientationLandscapeRight";
				LD_RUNPATH_SEARCH_PATHS = (
					"$(inherited)",
					"@executable_path/Frameworks",
				);
				MARKETING_VERSION = 1.0;
				PRODUCT_BUNDLE_IDENTIFIER = com.emma.EmmaExampleApp;
				PRODUCT_NAME = "$(TARGET_NAME)";
				SUPPORTED_PLATFORMS = "iphoneos iphonesimulator";
				SUPPORTS_MACCATALYST = NO;
				SUPPORTS_MAC_DESIGNED_FOR_IPHONE_IPAD = NO;
				SUPPORTS_XR_DESIGNED_FOR_IPHONE_IPAD = NO;
				SWIFT_EMIT_LOC_STRINGS = YES;
				SWIFT_VERSION = 5.0;
				TARGETED_DEVICE_FAMILY = "1,2";
			};
			name = Debug;
		};
		B47C62032CAFFD770005BD9C /* Release */ = {
			isa = XCBuildConfiguration;
			buildSettings = {
				ASSETCATALOG_COMPILER_APPICON_NAME = AppIcon;
				ASSETCATALOG_COMPILER_GLOBAL_ACCENT_COLOR_NAME = AccentColor;
				CODE_SIGN_ENTITLEMENTS = EmmaExampleApp/EmmaExampleApp.entitlements;
				CODE_SIGN_STYLE = Automatic;
				CURRENT_PROJECT_VERSION = 1;
				DEVELOPMENT_ASSET_PATHS = "\"EmmaExampleApp/Preview Content\"";
				DEVELOPMENT_TEAM = 9THYRJN444;
				ENABLE_PREVIEWS = YES;
				GENERATE_INFOPLIST_FILE = YES;
				INFOPLIST_FILE = EmmaExampleApp/Info.plist;
				INFOPLIST_KEY_NSUserTrackingUsageDescription = "Esta app utiliza esta información para mostrar anuncios personalizados y mejorar tu experiencia en la app. No compartiremos tus datos sin tu consentimiento.";
				INFOPLIST_KEY_UIApplicationSceneManifest_Generation = YES;
				INFOPLIST_KEY_UIApplicationSupportsIndirectInputEvents = YES;
				INFOPLIST_KEY_UILaunchScreen_Generation = YES;
				INFOPLIST_KEY_UISupportedInterfaceOrientations_iPad = "UIInterfaceOrientationPortrait UIInterfaceOrientationPortraitUpsideDown UIInterfaceOrientationLandscapeLeft UIInterfaceOrientationLandscapeRight";
				INFOPLIST_KEY_UISupportedInterfaceOrientations_iPhone = "UIInterfaceOrientationPortrait UIInterfaceOrientationLandscapeLeft UIInterfaceOrientationLandscapeRight";
				LD_RUNPATH_SEARCH_PATHS = (
					"$(inherited)",
					"@executable_path/Frameworks",
				);
				MARKETING_VERSION = 1.0;
				PRODUCT_BUNDLE_IDENTIFIER = com.emma.EmmaExampleApp;
				PRODUCT_NAME = "$(TARGET_NAME)";
				SUPPORTED_PLATFORMS = "iphoneos iphonesimulator";
				SUPPORTS_MACCATALYST = NO;
				SUPPORTS_MAC_DESIGNED_FOR_IPHONE_IPAD = NO;
				SUPPORTS_XR_DESIGNED_FOR_IPHONE_IPAD = NO;
				SWIFT_EMIT_LOC_STRINGS = YES;
				SWIFT_VERSION = 5.0;
				TARGETED_DEVICE_FAMILY = "1,2";
			};
			name = Release;
		};
/* End XCBuildConfiguration section */

/* Begin XCConfigurationList section */
		B47C61EE2CAFFD760005BD9C /* Build configuration list for PBXProject "EmmaExampleApp" */ = {
			isa = XCConfigurationList;
			buildConfigurations = (
				B47C61FF2CAFFD770005BD9C /* Debug */,
				B47C62002CAFFD770005BD9C /* Release */,
			);
			defaultConfigurationIsVisible = 0;
			defaultConfigurationName = Release;
		};
		B47C62012CAFFD770005BD9C /* Build configuration list for PBXNativeTarget "EmmaExampleApp" */ = {
			isa = XCConfigurationList;
			buildConfigurations = (
				B47C62022CAFFD770005BD9C /* Debug */,
				B47C62032CAFFD770005BD9C /* Release */,
			);
			defaultConfigurationIsVisible = 0;
			defaultConfigurationName = Release;
		};
/* End XCConfigurationList section */

/* Begin XCRemoteSwiftPackageReference section */
		B467293E2CB68760003A641F /* XCRemoteSwiftPackageReference "eMMa-iOS-SDK" */ = {
			isa = XCRemoteSwiftPackageReference;
			repositoryURL = "https://github.com/EMMADevelopment/eMMa-iOS-SDK";
			requirement = {
				kind = upToNextMajorVersion;
				minimumVersion = 4.12.0;
			};
		};
/* End XCRemoteSwiftPackageReference section */

/* Begin XCSwiftPackageProductDependency section */
		B467293F2CB68760003A641F /* EMMA_iOS */ = {
			isa = XCSwiftPackageProductDependency;
			package = B467293E2CB68760003A641F /* XCRemoteSwiftPackageReference "eMMa-iOS-SDK" */;
			productName = EMMA_iOS;
		};
/* End XCSwiftPackageProductDependency section */
	};
	rootObject = B47C61EB2CAFFD760005BD9C /* Project object */;
}
